{
  "name": "@grafana/monaco-logql",
  "version": "0.0.8",
  "lockfileVersion": 2,
  "requires": true,
  "packages": {
    "": {
      "name": "@grafana/monaco-logql",
      "version": "0.0.8",
      "license": "Apache-2.0",
      "devDependencies": {
        "monaco-editor": "^0.32.1",
        "typescript": "^4.2.3"
      },
      "peerDependencies": {
        "monaco-editor": "^0.32.1"
      }
    },
    "node_modules/monaco-editor": {
      "version": "0.32.1",
      "resolved": "https://registry.npmjs.org/monaco-editor/-/monaco-editor-0.32.1.tgz",
      "integrity": "sha512-LUt2wsUvQmEi2tfTOK+tjAPvt7eQ+K5C4rZPr6SeuyzjAuAHrIvlUloTcOiGjZW3fn3a/jFQCONrEJbNOaCqbA==",
      "dev": true
    },
    "node_modules/typescript": {
      "version": "4.6.2",
      "resolved": "https://registry.npmjs.org/typescript/-/typescript-4.6.2.tgz",
      "integrity": "sha512-HM/hFigTBHZhLXshn9sN37H085+hQGeJHJ/X7LpBWLID/fbc2acUMfU+lGD98X81sKP+pFa9f0DZmCwB9GnbAg==",
      "dev": true,
      "bin": {
        "tsc": "bin/tsc",
        "tsserver": "bin/tsserver"
      },
      "engines": {
        "node": ">=4.2.0"
      }
    }
  },
  "dependencies": {
    "monaco-editor": {
      "version": "0.32.1",
      "resolved": "https://registry.npmjs.org/monaco-editor/-/monaco-editor-0.32.1.tgz",
      "integrity": "sha512-LUt2wsUvQmEi2tfTOK+tjAPvt7eQ+K5C4rZPr6SeuyzjAuAHrIvlUloTcOiGjZW3fn3a/jFQCONrEJbNOaCqbA==",
      "dev": true
    },
    "typescript": {
      "version": "4.6.2",
      "resolved": "https://registry.npmjs.org/typescript/-/typescript-4.6.2.tgz",
      "integrity": "sha512-HM/hFigTBHZhLXshn9sN37H085+hQGeJHJ/X7LpBWLID/fbc2acUMfU+lGD98X81sKP+pFa9f0DZmCwB9GnbAg==",
      "dev": true
    }
  }
}
