{
  "name": "@grafana/monaco-logql",
  "version": "0.0.8",
  "lockfileVersion": 2,
  "requires": true,
  "packages": {
    "": {
      "name": "@grafana/monaco-logql",
      "version": "0.0.8",
      "license": "Apache-2.0",
      "devDependencies": {
        "monaco-editor": "^0.32.1",
        "typescript": "^5.0.0"
      },
      "peerDependencies": {
        "monaco-editor": "^0.32.1"
      }
    },
    "node_modules/monaco-editor": {
      "version": "0.32.1",
      "resolved": "https://registry.npmjs.org/monaco-editor/-/monaco-editor-0.32.1.tgz",
      "integrity": "sha512-LUt2wsUvQmEi2tfTOK+tjAPvt7eQ+K5C4rZPr6SeuyzjAuAHrIvlUloTcOiGjZW3fn3a/jFQCONrEJbNOaCqbA==",
      "dev": true
    },
    "node_modules/typescript": {
      "version": "5.9.3",
      "resolved": "https://registry.npmjs.org/typescript/-/typescript-5.9.3.tgz",
      "integrity": "sha512-jl1vZzPDinLr9eUt3J/t7V6FgNEw9QjvBPdysz9KfQDD41fQrC2Y4vKQdiaUpFT4bXlb1RHhLpp8wtm6M5TgSw==",
      "dev": true,
      "bin": {
        "tsc": "bin/tsc",
        "tsserver": "bin/tsserver"
      },
      "engines": {
        "node": ">=14.17"
      }
    }
  },
  "dependencies": {
    "monaco-editor": {
      "version": "0.32.1",
      "resolved": "https://registry.npmjs.org/monaco-editor/-/monaco-editor-0.32.1.tgz",
      "integrity": "sha512-LUt2wsUvQmEi2tfTOK+tjAPvt7eQ+K5C4rZPr6SeuyzjAuAHrIvlUloTcOiGjZW3fn3a/jFQCONrEJbNOaCqbA==",
      "dev": true
    },
    "typescript": {
      "version": "5.9.3",
      "resolved": "https://registry.npmjs.org/typescript/-/typescript-5.9.3.tgz",
      "integrity": "sha512-jl1vZzPDinLr9eUt3J/t7V6FgNEw9QjvBPdysz9KfQDD41fQrC2Y4vKQdiaUpFT4bXlb1RHhLpp8wtm6M5TgSw==",
      "dev": true
    }
  }
}
